<?xml version="1.0" encoding="utf-8"?>
<Project ToolsVersion="4.0" xmlns="http://schemas.microsoft.com/developer/msbuild/2003">
  <ItemGroup>
    <ClCompile Include="ECS.cpp">
      <Filter>Source files</Filter>
    </ClCompile>
    <ClCompile Include="util\FileHandler.cpp">
      <Filter>Source files</Filter>
    </ClCompile>
    <ClCompile Include="core\game.cpp">
      <Filter>Source files</Filter>
    </ClCompile>
    <ClCompile Include="GameEntity.cpp">
      <Filter>Source files</Filter>
    </ClCompile>
    <ClCompile Include="core\GameHandler.cpp">
      <Filter>Source files</Filter>
    </ClCompile>
    <ClCompile Include="core\GameObject.cpp">
      <Filter>Source files</Filter>
    </ClCompile>
    <ClCompile Include="util\InputHandler.cpp">
      <Filter>Source files</Filter>
    </ClCompile>
    <ClCompile Include="core\LevelHandler.cpp">
      <Filter>Source files</Filter>
    </ClCompile>
    <ClCompile Include="util\Log.cpp">
      <Filter>Source files</Filter>
    </ClCompile>
    <ClCompile Include="core\MainCharacter.cpp">
      <Filter>Source files</Filter>
    </ClCompile>
    <ClCompile Include="core\Maincpp.cpp">
      <Filter>Source files</Filter>
    </ClCompile>
    <ClCompile Include="QuadTreeCollision.cpp">
      <Filter>Source files</Filter>
    </ClCompile>
    <ClCompile Include="util\Shader.cpp">
      <Filter>Source files</Filter>
    </ClCompile>
    <ClCompile Include="util\StopWatch.cpp">
      <Filter>Source files</Filter>
    </ClCompile>
    <ClCompile Include="util\VectorMath.cpp">
      <Filter>Source files</Filter>
    </ClCompile>
    <ClCompile Include="util\WindowUtil.cpp">
      <Filter>Source files</Filter>
    </ClCompile>
  </ItemGroup>
  <ItemGroup>
    <ClInclude Include="ECS.h">
      <Filter>Header files</Filter>
    </ClInclude>
    <ClInclude Include="core\far_background.h">
      <Filter>Header files</Filter>
    </ClInclude>
    <ClInclude Include="util\FileHandler.h">
      <Filter>Header files</Filter>
    </ClInclude>
    <ClInclude Include="core\foreground.h">
      <Filter>Header files</Filter>
    </ClInclude>
    <ClInclude Include="core\game.h">
      <Filter>Header files</Filter>
    </ClInclude>
    <ClInclude Include="GameEntity.h">
      <Filter>Header files</Filter>
    </ClInclude>
    <ClInclude Include="core\GameHandler.h">
      <Filter>Header files</Filter>
    </ClInclude>
    <ClInclude Include="core\GameObject.h">
      <Filter>Header files</Filter>
    </ClInclude>
    <ClInclude Include="util\InputHandler.h">
      <Filter>Header files</Filter>
    </ClInclude>
    <ClInclude Include="..\include\nlohmann\json.hpp">
      <Filter>Header files</Filter>
    </ClInclude>
    <ClInclude Include="core\killua.h">
      <Filter>Header files</Filter>
    </ClInclude>
    <ClInclude Include="core\LevelHandler.h">
      <Filter>Header files</Filter>
    </ClInclude>
    <ClInclude Include="util\Log.h">
      <Filter>Header files</Filter>
    </ClInclude>
    <ClInclude Include="core\MainCharacter.h">
      <Filter>Header files</Filter>
    </ClInclude>
    <ClInclude Include="core\middle_Background.h">
      <Filter>Header files</Filter>
    </ClInclude>
    <ClInclude Include="core\nebula.h">
      <Filter>Header files</Filter>
    </ClInclude>
    <ClInclude Include="QuadTreeCollision.h">
      <Filter>Header files</Filter>
    </ClInclude>
    <ClInclude Include="rcamera.h">
      <Filter>Header files</Filter>
    </ClInclude>
    <ClInclude Include="util\Shader.h">
      <Filter>Header files</Filter>
    </ClInclude>
    <ClInclude Include="util\StopWatch.h">
      <Filter>Header files</Filter>
    </ClInclude>
    <ClInclude Include="util\Thread.h">
      <Filter>Header files</Filter>
    </ClInclude>
    <ClInclude Include="util\VectorMath.h">
      <Filter>Header files</Filter>
    </ClInclude>
    <ClInclude Include="util\WindowUtil.h">
      <Filter>Header files</Filter>
    </ClInclude>
  </ItemGroup>
  <ItemGroup>
    <None Include="textures\shaders\Basic.fs">
      <Filter>Resource files</Filter>
    </None>
    <None Include="textures\shaders\Basic.vs">
      <Filter>Resource files</Filter>
    </None>
    <None Include="textures\shaders\bloom.fs">
      <Filter>Resource files</Filter>
    </None>
    <None Include="textures\cubemap.fs">
      <Filter>Resource files</Filter>
    </None>
    <None Include="textures\cubemap.vs">
      <Filter>Resource files</Filter>
    </None>
    <None Include="textures\shaders\pixelizer.fs">
      <Filter>Resource files</Filter>
    </None>
    <None Include="textures\shaders\ShadowMap.fs">
      <Filter>Resource files</Filter>
    </None>
    <None Include="textures\shaders\ShadowMap.vs">
      <Filter>Resource files</Filter>
    </None>
    <None Include="textures\skybox.vs">
      <Filter>Resource files</Filter>
    </None>
    <None Include="textures\skybox.fs">
      <Filter>Resource files</Filter>
    </None>
    <None Include="level.json">
      <Filter>Header files</Filter>
    </None>
    <None Include="textures\shaders\TextureRec.fs">
      <Filter>Resource files</Filter>
    </None>
  </ItemGroup>
  <ItemGroup>
    <Filter Include="Source files">
      <UniqueIdentifier>{c200b9ac-6b50-4864-ade2-111789e959cb}</UniqueIdentifier>
    </Filter>
    <Filter Include="Header files">
      <UniqueIdentifier>{a00d8feb-813c-46b9-9b60-2c66eb5c690e}</UniqueIdentifier>
    </Filter>
    <Filter Include="Resource files">
      <UniqueIdentifier>{229acd9b-5b8f-4751-b5e2-4648f6e72970}</UniqueIdentifier>
    </Filter>
  </ItemGroup>
</Project>